
Microsoft Visual Studio Solution File, Format Version 12.00
# Visual Studio Version 17
VisualStudioVersion = 17.8.34525.116
MinimumVisualStudioVersion = 10.0.40219.1
Project("{FAE04EC0-301F-11D3-BF4B-00C04F79EFBC}") = "TestPath", "TestPath\TestPath.csproj", "{FA8832D2-17E7-4922-9EF6-366A0E29CF2C}"
EndProject
Global
	GlobalSection(SolutionConfigurationPlatforms) = preSolution
		Debug|Any CPU = Debug|Any CPU
		Release|Any CPU = Release|Any CPU
	EndGlobalSection
	GlobalSection(ProjectConfigurationPlatforms) = postSolution
		{FA8832D2-17E7-4922-9EF6-366A0E29CF2C}.Debug|Any CPU.ActiveCfg = Debug|Any CPU
		{FA8832D2-17E7-4922-9EF6-366A0E29CF2C}.Debug|Any CPU.Build.0 = Debug|Any CPU
		{FA8832D2-17E7-4922-9EF6-366A0E29CF2C}.Release|Any CPU.ActiveCfg = Release|Any CPU
		{FA8832D2-17E7-4922-9EF6-366A0E29CF2C}.Release|Any CPU.Build.0 = Release|Any CPU
	EndGlobalSection
	GlobalSection(SolutionProperties) = preSolution
		HideSolutionNode = FALSE
	EndGlobalSection
	GlobalSection(ExtensibilityGlobals) = postSolution
		SolutionGuid = {DB56EB00-DFF3-4746-A4E8-E22DF175CF2D}
	EndGlobalSection
EndGlobal
