
Microsoft Visual Studio Solution File, Format Version 12.00
# Visual Studio Version 17
VisualStudioVersion = 17.8.34525.116
MinimumVisualStudioVersion = 10.0.40219.1
Project("{FAE04EC0-301F-11D3-BF4B-00C04F79EFBC}") = "PresentationLayer", "PresentationLayer\PresentationLayer.csproj", "{6629ED09-A3CF-40D2-B28A-20C08CD478A3}"
EndProject
Project("{FAE04EC0-301F-11D3-BF4B-00C04F79EFBC}") = "BusinessLayer", "BusinessLayer\BusinessLayer.csproj", "{20FAD2B6-C6B3-422A-B0CD-A87E321710B0}"
EndProject
Project("{FAE04EC0-301F-11D3-BF4B-00C04F79EFBC}") = "DataBaseLayer", "DataBaseLayer\DataBaseLayer.csproj", "{0F13AFE6-7519-4061-87CD-846714D0CF82}"
EndProject
Global
	GlobalSection(SolutionConfigurationPlatforms) = preSolution
		Debug|Any CPU = Debug|Any CPU
		Release|Any CPU = Release|Any CPU
	EndGlobalSection
	GlobalSection(ProjectConfigurationPlatforms) = postSolution
		{6629ED09-A3CF-40D2-B28A-20C08CD478A3}.Debug|Any CPU.ActiveCfg = Debug|Any CPU
		{6629ED09-A3CF-40D2-B28A-20C08CD478A3}.Debug|Any CPU.Build.0 = Debug|Any CPU
		{6629ED09-A3CF-40D2-B28A-20C08CD478A3}.Release|Any CPU.ActiveCfg = Release|Any CPU
		{6629ED09-A3CF-40D2-B28A-20C08CD478A3}.Release|Any CPU.Build.0 = Release|Any CPU
		{20FAD2B6-C6B3-422A-B0CD-A87E321710B0}.Debug|Any CPU.ActiveCfg = Debug|Any CPU
		{20FAD2B6-C6B3-422A-B0CD-A87E321710B0}.Debug|Any CPU.Build.0 = Debug|Any CPU
		{20FAD2B6-C6B3-422A-B0CD-A87E321710B0}.Release|Any CPU.ActiveCfg = Release|Any CPU
		{20FAD2B6-C6B3-422A-B0CD-A87E321710B0}.Release|Any CPU.Build.0 = Release|Any CPU
		{0F13AFE6-7519-4061-87CD-846714D0CF82}.Debug|Any CPU.ActiveCfg = Debug|Any CPU
		{0F13AFE6-7519-4061-87CD-846714D0CF82}.Debug|Any CPU.Build.0 = Debug|Any CPU
		{0F13AFE6-7519-4061-87CD-846714D0CF82}.Release|Any CPU.ActiveCfg = Release|Any CPU
		{0F13AFE6-7519-4061-87CD-846714D0CF82}.Release|Any CPU.Build.0 = Release|Any CPU
	EndGlobalSection
	GlobalSection(SolutionProperties) = preSolution
		HideSolutionNode = FALSE
	EndGlobalSection
	GlobalSection(ExtensibilityGlobals) = postSolution
		SolutionGuid = {3035F797-98BC-4366-AB97-E00FAD5AC701}
	EndGlobalSection
EndGlobal
